
Microsoft Visual Studio Solution File, Format Version 12.00
# Visual Studio Version 16
VisualStudioVersion = 16.0.30503.244
MinimumVisualStudioVersion = 10.0.40219.1
Project("{FAE04EC0-301F-11D3-BF4B-00C04F79EFBC}") = "Indovina il numero", "Indovina il numero\Indovina il numero.csproj", "{3EE32814-75D5-4222-B5B8-3DFAFFCC8554}"
EndProject
Global
	GlobalSection(SolutionConfigurationPlatforms) = preSolution
		Debug|Any CPU = Debug|Any CPU
		Release|Any CPU = Release|Any CPU
	EndGlobalSection
	GlobalSection(ProjectConfigurationPlatforms) = postSolution
		{3EE32814-75D5-4222-B5B8-3DFAFFCC8554}.Debug|Any CPU.ActiveCfg = Debug|Any CPU
		{3EE32814-75D5-4222-B5B8-3DFAFFCC8554}.Debug|Any CPU.Build.0 = Debug|Any CPU
		{3EE32814-75D5-4222-B5B8-3DFAFFCC8554}.Release|Any CPU.ActiveCfg = Release|Any CPU
		{3EE32814-75D5-4222-B5B8-3DFAFFCC8554}.Release|Any CPU.Build.0 = Release|Any CPU
	EndGlobalSection
	GlobalSection(SolutionProperties) = preSolution
		HideSolutionNode = FALSE
	EndGlobalSection
	GlobalSection(ExtensibilityGlobals) = postSolution
		SolutionGuid = {9261CC7D-B857-4A63-862D-6DED9EDAAAB8}
	EndGlobalSection
EndGlobal
